
Microsoft Visual Studio Solution File, Format Version 12.00
# Visual Studio Version 16
VisualStudioVersion = 16.0.33927.289
MinimumVisualStudioVersion = 10.0.40219.1
Project("{FAE04EC0-301F-11D3-BF4B-00C04F79EFBC}") = "TestSQL", "TestSQL\TestSQL.csproj", "{65544D0F-6E36-4BE3-B18A-D9229766C05A}"
EndProject
Global
	GlobalSection(SolutionConfigurationPlatforms) = preSolution
		Debug|Any CPU = Debug|Any CPU
		Release|Any CPU = Release|Any CPU
	EndGlobalSection
	GlobalSection(ProjectConfigurationPlatforms) = postSolution
		{65544D0F-6E36-4BE3-B18A-D9229766C05A}.Debug|Any CPU.ActiveCfg = Debug|Any CPU
		{65544D0F-6E36-4BE3-B18A-D9229766C05A}.Debug|Any CPU.Build.0 = Debug|Any CPU
		{65544D0F-6E36-4BE3-B18A-D9229766C05A}.Release|Any CPU.ActiveCfg = Release|Any CPU
		{65544D0F-6E36-4BE3-B18A-D9229766C05A}.Release|Any CPU.Build.0 = Release|Any CPU
	EndGlobalSection
	GlobalSection(SolutionProperties) = preSolution
		HideSolutionNode = FALSE
	EndGlobalSection
	GlobalSection(ExtensibilityGlobals) = postSolution
		SolutionGuid = {9255EE43-F386-478B-ACEF-3AD719AF3E41}
	EndGlobalSection
EndGlobal
